{
  "nodes": {
    "nixpkgs": {
      "locked": {
        "lastModified": 1782817790,
        "narHash": "sha256-VHR4ubDYDLt6irWi5l3gMwFTCM/Q/AQClGsamvOlLhA=",
        "owner": "NixOS",
        "repo": "nixpkgs",
        "rev": "180d7bfe54b45e024fc1f2e7505411a69b9d60bc",
        "type": "github"
      },
      "original": {
        "owner": "NixOS",
        "ref": "nixos-unstable-small",
        "repo": "nixpkgs",
        "type": "github"
      }
    },
    "root": {
      "inputs": {
        "nixpkgs": "nixpkgs"
      }
    }
  },
  "root": "root",
  "version": 7
}
