{
  "nodes": {
    "nixpkgs": {
      "locked": {
        "lastModified": 1762808364,
        "narHash": "sha256-nwxa9s+cjXZyFuTdFSKP5enPmhLfVOnNLlMhF25Uyf4=",
        "owner": "NixOS",
        "repo": "nixpkgs",
        "rev": "e1ce86c3e40327779390e98edab843d4a1cc9224",
        "type": "github"
      },
      "original": {
        "owner": "NixOS",
        "ref": "nixos-unstable-small",
        "repo": "nixpkgs",
        "type": "github"
      }
    },
    "root": {
      "inputs": {
        "nixpkgs": "nixpkgs"
      }
    }
  },
  "root": "root",
  "version": 7
}
