{
  "nodes": {
    "nixpkgs": {
      "locked": {
        "lastModified": 1758573205,
        "narHash": "sha256-0ybDco+HjG5h46wx7ww4JIyg3y/mBDgkMCVX/Ua0e/Q=",
        "owner": "NixOS",
        "repo": "nixpkgs",
        "rev": "803b1683f562edc00665874bf98c1aad0b111482",
        "type": "github"
      },
      "original": {
        "owner": "NixOS",
        "ref": "nixos-unstable-small",
        "repo": "nixpkgs",
        "type": "github"
      }
    },
    "root": {
      "inputs": {
        "nixpkgs": "nixpkgs"
      }
    }
  },
  "root": "root",
  "version": 7
}
