# This file was autogenerated by Stack.
# You should not edit this file by hand.
# For more information, please see the documentation at:
#   https://docs.haskellstack.org/en/stable/lock_files

packages:
- completed:
    hackage: terminal-0.2.0.0@sha256:de6770ecaae3197c66ac1f0db5a80cf5a5b1d3b64a66a05b50f442de5ad39570,2977
    pantry-tree:
      sha256: 54160663bf0cbcd1d9fa52e136740faaf91a82d1ca1efeb08e8e58575a7446e7
      size: 1775
  original:
    hackage: terminal-0.2.0.0@sha256:de6770ecaae3197c66ac1f0db5a80cf5a5b1d3b64a66a05b50f442de5ad39570,2977
- completed:
    hackage: brick-1.6@sha256:4a94b18be68d2d27da9e84eff7f8b4dc8bfa3a40d28d536fb737828d73a0e3eb,18899
    pantry-tree:
      sha256: 86c74fc39f7cd50e7084fe0bc9d56db22c9a5f06d083be44912733ab04bab844
      size: 6829
  original:
    hackage: brick-1.6@sha256:4a94b18be68d2d27da9e84eff7f8b4dc8bfa3a40d28d536fb737828d73a0e3eb,18899
- completed:
    hackage: bimap-0.5.0@sha256:aba506d02a1c93fc2b50dcbe728d2a4d07cca89b7033945418061a0b08576ebd,1889
    pantry-tree:
      sha256: 285f5e86640f4bef3b7a60991defb8dd4b3714f8c294495d1136da182c1315a3
      size: 470
  original:
    hackage: bimap-0.5.0@sha256:aba506d02a1c93fc2b50dcbe728d2a4d07cca89b7033945418061a0b08576ebd,1889
- completed:
    hackage: text-zipper-0.12@sha256:e96110598fc25e57a99ffcd8e583351af8b325b813aa5e3bd0adc627e3e02b6b,1472
    pantry-tree:
      sha256: 51edf26c8f66b1356c820b183e6442f8245ec2aef450fde4cd56db566347daa0
      size: 604
  original:
    hackage: text-zipper-0.12@sha256:e96110598fc25e57a99ffcd8e583351af8b325b813aa5e3bd0adc627e3e02b6b,1472
- completed:
    hackage: vty-5.38@sha256:c3b46c8072f92b61dad09dac45ede37f1a093836e14ac84ece6515a4d3222864,5628
    pantry-tree:
      sha256: b413c72281bb0f48eb0e4b45e272e3a18036ea91b4850315e8c2487ef719f9f3
      size: 3499
  original:
    hackage: vty-5.38@sha256:c3b46c8072f92b61dad09dac45ede37f1a093836e14ac84ece6515a4d3222864,5628
- completed:
    hackage: dunai-0.11.0@sha256:fc82a2ac6e2f7efcc2cd7f01412544ebe10d25143febdb0c3ebfb090220f4660,6372
    pantry-tree:
      sha256: 5435c0e0ccd848461ead40b59dd4c8dd7f36a010ed3f10c6795e0c52f8e614b4
      size: 2172
  original:
    hackage: dunai-0.11.0@sha256:fc82a2ac6e2f7efcc2cd7f01412544ebe10d25143febdb0c3ebfb090220f4660,6372
- completed:
    hackage: simple-affine-space-0.2.1@sha256:bc9b1f5ae236b2898cd6f20da2d4589fd662fac2e2057f29b01330f65c030434,2046
    pantry-tree:
      sha256: 13dd2303e75c96fe2ea318d2e724005840211f4af44ba78da1886a16a4b0ec82
      size: 696
  original:
    hackage: simple-affine-space-0.2.1@sha256:bc9b1f5ae236b2898cd6f20da2d4589fd662fac2e2057f29b01330f65c030434,2046
- completed:
    hackage: monad-schedule-0.1.2.1@sha256:95d6b9c6fd36f585e4a52938ebd1762c2e2caa8bb3c11ce86985dd11a2caae1a,1776
    pantry-tree:
      sha256: 5c2fed7fb93cdf87abdd56b0df7e5c03719110d6aa538bc903ed6a6357f21393
      size: 792
  original:
    hackage: monad-schedule-0.1.2.1@sha256:95d6b9c6fd36f585e4a52938ebd1762c2e2caa8bb3c11ce86985dd11a2caae1a,1776
- completed:
    hackage: time-domain-0.1.0.2@sha256:33f0a6efe6eb03e729f3dc828cd673b0bb511a0e50ac0b621c5acebd82f6d329,1007
    pantry-tree:
      sha256: 9d0363b9fb0440fad439480ea21a584e124a2d61265e5d61c622ef95da6fca6e
      size: 224
  original:
    hackage: time-domain-0.1.0.2@sha256:33f0a6efe6eb03e729f3dc828cd673b0bb511a0e50ac0b621c5acebd82f6d329,1007
- completed:
    hackage: monad-bayes-1.1.1@sha256:d76401f5b7bdcfe0b454f63f932c97049d633ef2623f19981bba02c63af3a16c,6292
    pantry-tree:
      sha256: bf2bdaaf51aaa9b24b3ec3757d83db0e9f5507435984a452788e71cc2bd3b9b7
      size: 3567
  original:
    hackage: monad-bayes-1.1.1
snapshots:
- completed:
    sha256: f1c4aca9b9b81afbb9db55571acb0690cdc01ac97a178234de281f9dc075e95e
    size: 618506
    url: https://raw.githubusercontent.com/commercialhaskell/stackage-snapshots/master/lts/19/8.yaml
  original: lts-19.8
