# This file was autogenerated by Stack.
# You should not edit this file by hand.
# For more information, please see the documentation at:
#   https://docs.haskellstack.org/en/stable/lock_files

packages:
- completed:
    hackage: simple-affine-space-0.2.1@sha256:bc9b1f5ae236b2898cd6f20da2d4589fd662fac2e2057f29b01330f65c030434,2046
    pantry-tree:
      sha256: 13dd2303e75c96fe2ea318d2e724005840211f4af44ba78da1886a16a4b0ec82
      size: 696
  original:
    hackage: simple-affine-space-0.2.1@sha256:bc9b1f5ae236b2898cd6f20da2d4589fd662fac2e2057f29b01330f65c030434,2046
- completed:
    hackage: terminal-0.2.0.0@sha256:de6770ecaae3197c66ac1f0db5a80cf5a5b1d3b64a66a05b50f442de5ad39570,2977
    pantry-tree:
      sha256: 54160663bf0cbcd1d9fa52e136740faaf91a82d1ca1efeb08e8e58575a7446e7
      size: 1775
  original:
    hackage: terminal-0.2.0.0@sha256:de6770ecaae3197c66ac1f0db5a80cf5a5b1d3b64a66a05b50f442de5ad39570,2977
- completed:
    hackage: monad-bayes-1.2.0@sha256:bf83cf8e6d163c461b9964dbff48d4476b2a82421962af317b3a3d0d738ea2a2,6456
    pantry-tree:
      sha256: ce4a9db9888b589ae56493862ae62f2efb5af8d17d3d55bac0b3f59177881b2b
      size: 3823
  original:
    hackage: monad-bayes-1.2.0@sha256:bf83cf8e6d163c461b9964dbff48d4476b2a82421962af317b3a3d0d738ea2a2,6456
- completed:
    hackage: hspec-2.11.7@sha256:2869580a2a29e7beb6268ea3dc561583f4ae229ed1f47fb1c92e8c09ce35acec,1763
    pantry-tree:
      sha256: f241a7710ebee50583f9aebff61aaf4d36619ba7d6538b39b80ee4695c70552e
      size: 584
  original:
    hackage: hspec-2.11.7@sha256:2869580a2a29e7beb6268ea3dc561583f4ae229ed1f47fb1c92e8c09ce35acec,1763
- completed:
    hackage: lens-5.2.3@sha256:637287c76adff383063b3206a4213640de1a74839ec16008cc71b5b407f7d05e,15237
    pantry-tree:
      sha256: 2a69ee338ef79da9aaa0d406f8307b11e3b8f969aa8fc28e46ca250c1f6ef40d
      size: 8351
  original:
    hackage: lens-5.2.3@sha256:637287c76adff383063b3206a4213640de1a74839ec16008cc71b5b407f7d05e,15237
- completed:
    hackage: linear-1.22@sha256:6402f0140156d2792ca0cbef3f5af2ec3675660e381574ac968cd5884724b8ba,4132
    pantry-tree:
      sha256: 8ccd6646c1a5f2f7998a19a04f00200e44ee08186e980153ec371d6d114eb0e6
      size: 2042
  original:
    hackage: linear-1.22@sha256:6402f0140156d2792ca0cbef3f5af2ec3675660e381574ac968cd5884724b8ba,4132
- completed:
    hackage: vty-5.38@sha256:c3b46c8072f92b61dad09dac45ede37f1a093836e14ac84ece6515a4d3222864,5628
    pantry-tree:
      sha256: b413c72281bb0f48eb0e4b45e272e3a18036ea91b4850315e8c2487ef719f9f3
      size: 3499
  original:
    hackage: vty-5.38@sha256:c3b46c8072f92b61dad09dac45ede37f1a093836e14ac84ece6515a4d3222864,5628
- completed:
    hackage: hspec-core-2.11.7@sha256:90d8873356d7e15f843bc523360e206e8e356ff6b82a1fa4b3889dc31d073ea1,6814
    pantry-tree:
      sha256: 8db12c1f6965d9f0898f04d7b5f1d77682c8ab2d5c394c4a431229df7c4acb14
      size: 6231
  original:
    hackage: hspec-core-2.11.7@sha256:90d8873356d7e15f843bc523360e206e8e356ff6b82a1fa4b3889dc31d073ea1,6814
- completed:
    hackage: hspec-discover-2.11.7@sha256:6307eb16d308258a99a242025df50217d835ba0a3f205b1202a100a175877b38,2169
    pantry-tree:
      sha256: 141b4987d519ad1ca1114737f510f20adc2456bf44c040f41a63792f47d009eb
      size: 829
  original:
    hackage: hspec-discover-2.11.7@sha256:6307eb16d308258a99a242025df50217d835ba0a3f205b1202a100a175877b38,2169
- completed:
    hackage: hspec-expectations-0.8.4@sha256:4237f094a7931202ff57ac6475542b0b314b50a7024550e2b6eb87cfb0d4ff93,1702
    pantry-tree:
      sha256: 87681840d430b84686f83f1ab8b5873b09c349775698665233443914acf9ba2b
      size: 741
  original:
    hackage: hspec-expectations-0.8.4@sha256:4237f094a7931202ff57ac6475542b0b314b50a7024550e2b6eb87cfb0d4ff93,1702
- completed:
    hackage: dunai-0.12.2@sha256:e769c1b89b5571138c20c387c304758f87f2b9c599fcfe6fc5a81cd7c4ec86b7,6982
    pantry-tree:
      sha256: 79a567d02d6d018530dcfa5ac9f7d5e9fead24e9038ba63fa1ed902369f7df31
      size: 2232
  original:
    hackage: dunai-0.12.2
- completed:
    hackage: criterion-1.6.3.0@sha256:cf27e6c83f91674fb67ef253cae644ad0ce079b7e2cfa6402e13e930f78499ec,5373
    pantry-tree:
      sha256: 2102113a4ac228305ea9396967878c6921377bafc92425c1b8cf82f8afbef40e
      size: 2323
  original:
    hackage: criterion-1.6.3.0@sha256:cf27e6c83f91674fb67ef253cae644ad0ce079b7e2cfa6402e13e930f78499ec,5373
- completed:
    hackage: criterion-measurement-0.2.1.0@sha256:646d5b5c55499580747746396b731ef9d6e2cd59fa7b488354788e68eae8e9bc,2098
    pantry-tree:
      sha256: 2557db6ed7b4e5718d9ca6271caf4bcfc97b966ed32b051f346c8d17e1c31809
      size: 726
  original:
    hackage: criterion-measurement-0.2.1.0@sha256:646d5b5c55499580747746396b731ef9d6e2cd59fa7b488354788e68eae8e9bc,2098
- completed:
    hackage: optparse-applicative-0.18.1.0@sha256:b4cf8d9018e5e67cb1f14edb5130b6d05ad8bc1b5f6bd4efaa6ec0b7f28f559d,5132
    pantry-tree:
      sha256: 32f52adc150eb146bf4d167ff0cb21fc1e3cd7ecc1b9e5e83b986a1cd1bc58cd
      size: 3124
  original:
    hackage: optparse-applicative-0.18.1.0@sha256:b4cf8d9018e5e67cb1f14edb5130b6d05ad8bc1b5f6bd4efaa6ec0b7f28f559d,5132
- completed:
    hackage: selective-0.7.0.1@sha256:542ab572491898552b42d62d43a7e8c70fb93d714c06c06a4de6f331fee87df2,3509
    pantry-tree:
      sha256: 0c83390d679a54549b03180465335118331f120511a11e82a1c8e2d9cbd5ed55
      size: 1292
  original:
    hackage: selective-0.7.0.1@sha256:542ab572491898552b42d62d43a7e8c70fb93d714c06c06a4de6f331fee87df2,3509
- completed:
    hackage: semialign-1.3@sha256:7be9ef5ca1d6b052991f68c053aab68b9d1ab3b1938c9557ac84c97937815223,2888
    pantry-tree:
      sha256: e5daa7e0023dabb1b21a04bf084364b94e45e81b380e950b90f51294a1990b87
      size: 537
  original:
    hackage: semialign-1.3@sha256:7be9ef5ca1d6b052991f68c053aab68b9d1ab3b1938c9557ac84c97937815223,2888
- completed:
    hackage: these-1.2@sha256:011e22f6891ca028f87c04ea48796696c92d593313a9c699f7ff4f9ffd7aec6e,2882
    pantry-tree:
      sha256: 37483703ce7326c07608b06f2f741fb0f708cb06bd10ec57d87108d068046b05
      size: 351
  original:
    hackage: these-1.2@sha256:011e22f6891ca028f87c04ea48796696c92d593313a9c699f7ff4f9ffd7aec6e,2882
- completed:
    hackage: assoc-1.1.1@sha256:ad458c9e06a23dd275f8dbb02d13e250b8e40ac4858bc67e7992628563d14f5d,1381
    pantry-tree:
      sha256: 6b353c95614aa239936eb4f6d0a4ac91b0c846c3b5356ff9537613a773648e89
      size: 290
  original:
    hackage: assoc-1.1.1@sha256:ad458c9e06a23dd275f8dbb02d13e250b8e40ac4858bc67e7992628563d14f5d,1381
- completed:
    hackage: foldable1-classes-compat-0.1@sha256:f2f1c40f9e3322ce8d4101cb2925b420e19b993ef543a6b106d91accf08be78d,3782
    pantry-tree:
      sha256: d022a7175e27fd85dd1053ac6f4bf8818cfe0d8e360908aba7d7a1c3d95b227b
      size: 518
  original:
    hackage: foldable1-classes-compat-0.1@sha256:f2f1c40f9e3322ce8d4101cb2925b420e19b993ef543a6b106d91accf08be78d,3782
snapshots:
- completed:
    sha256: 5a59b2a405b3aba3c00188453be172b85893cab8ebc352b1ef58b0eae5d248a2
    size: 650475
    url: https://raw.githubusercontent.com/commercialhaskell/stackage-snapshots/master/lts/20/26.yaml
  original: lts-20.26
