# This file was autogenerated by Stack.
# You should not edit this file by hand.
# For more information, please see the documentation at:
#   https://docs.haskellstack.org/en/stable/lock_files

packages:
- completed:
    hackage: dunai-0.11.1@sha256:b527b801c8b3901a4ebec733ac0bb6ff9cdd2b6b04ec385e18922f49c39e4b51,6372
    pantry-tree:
      sha256: 7d851bd99aa0b02b43a4238c3b963de6e207b79b3ddc55e10aea6dc550936ad0
      size: 2172
  original:
    hackage: dunai-0.11.1@sha256:b527b801c8b3901a4ebec733ac0bb6ff9cdd2b6b04ec385e18922f49c39e4b51,6372
- completed:
    hackage: simple-affine-space-0.2.1@sha256:bc9b1f5ae236b2898cd6f20da2d4589fd662fac2e2057f29b01330f65c030434,2046
    pantry-tree:
      sha256: 13dd2303e75c96fe2ea318d2e724005840211f4af44ba78da1886a16a4b0ec82
      size: 696
  original:
    hackage: simple-affine-space-0.2.1@sha256:bc9b1f5ae236b2898cd6f20da2d4589fd662fac2e2057f29b01330f65c030434,2046
- completed:
    hackage: terminal-0.2.0.0@sha256:de6770ecaae3197c66ac1f0db5a80cf5a5b1d3b64a66a05b50f442de5ad39570,2977
    pantry-tree:
      sha256: 54160663bf0cbcd1d9fa52e136740faaf91a82d1ca1efeb08e8e58575a7446e7
      size: 1775
  original:
    hackage: terminal-0.2.0.0@sha256:de6770ecaae3197c66ac1f0db5a80cf5a5b1d3b64a66a05b50f442de5ad39570,2977
- completed:
    hackage: monad-bayes-1.1.1@sha256:d76401f5b7bdcfe0b454f63f932c97049d633ef2623f19981bba02c63af3a16c,6292
    pantry-tree:
      sha256: bf2bdaaf51aaa9b24b3ec3757d83db0e9f5507435984a452788e71cc2bd3b9b7
      size: 3567
  original:
    hackage: monad-bayes-1.1.1
snapshots:
- completed:
    sha256: 5a59b2a405b3aba3c00188453be172b85893cab8ebc352b1ef58b0eae5d248a2
    size: 650475
    url: https://raw.githubusercontent.com/commercialhaskell/stackage-snapshots/master/lts/20/26.yaml
  original: lts-20.26
