# This file was autogenerated by Stack.
# You should not edit this file by hand.
# For more information, please see the documentation at:
#   https://docs.haskellstack.org/en/stable/lock_files

packages:
- completed:
    hackage: monad-bayes-1.3.0.1@sha256:07d7ffae99ea52cf2da79b0824140d5be62a9e7e3ea22ef3c11db5778235c8ce,6588
    pantry-tree:
      sha256: a039a2213f6351cc17b40fdee4d35d57ef06e414fea4827319ebeb326ff3f0ed
      size: 4852
  original:
    hackage: monad-bayes-1.3.0.1
- completed:
    hackage: terminal-0.2.0.0@sha256:de6770ecaae3197c66ac1f0db5a80cf5a5b1d3b64a66a05b50f442de5ad39570,2977
    pantry-tree:
      sha256: 54160663bf0cbcd1d9fa52e136740faaf91a82d1ca1efeb08e8e58575a7446e7
      size: 1775
  original:
    hackage: terminal-0.2.0.0@sha256:de6770ecaae3197c66ac1f0db5a80cf5a5b1d3b64a66a05b50f442de5ad39570,2977
- completed:
    hackage: time-domain-0.1.0.4@sha256:b5e499ede44d46554e0d0715002ae39d258ef81aac22604b6ad5dc46a6fd41fe,1174
    pantry-tree:
      sha256: a071cc04dc4c8b24bad5f9062b66065e9b465f94cebc173b70c1c26ff468da81
      size: 224
  original:
    hackage: time-domain-0.1.0.4@sha256:b5e499ede44d46554e0d0715002ae39d258ef81aac22604b6ad5dc46a6fd41fe,1174
- completed:
    hackage: vty-6.1@sha256:524d124223c02373260ebc409ddd622fbe97cacd1ea0ee98476b5992bddbc4f3,3661
    pantry-tree:
      sha256: 4ed3b229066617a0f3429b7b7dadc8e01d14111ac675801053cd35fbb6ee3f14
      size: 2104
  original:
    hackage: vty-6.1@sha256:524d124223c02373260ebc409ddd622fbe97cacd1ea0ee98476b5992bddbc4f3,3661
snapshots:
- completed:
    sha256: 496a3c34464c7dc85d9bd413fe45aea6e86c376d1c368799164b85ed16f0ea2e
    size: 631264
    url: https://raw.githubusercontent.com/commercialhaskell/stackage-snapshots/master/nightly/2024/5/1.yaml
  original: nightly-2024-05-01
