# This file was autogenerated by Stack.
# You should not edit this file by hand.
# For more information, please see the documentation at:
#   https://docs.haskellstack.org/en/stable/lock_files

packages:
- completed:
    hackage: monad-bayes-1.3.0@sha256:024ce97d7d6abc9b4ffa22bfe1cfabb420feac67ecbd34fe8777c2fd27f56fea,6551
    pantry-tree:
      sha256: 1b1466cced4cd4734e44c266e3012a6e0d1c959c9d97aeac30de216e046f4787
      size: 4851
  original:
    hackage: monad-bayes-1.3.0@sha256:024ce97d7d6abc9b4ffa22bfe1cfabb420feac67ecbd34fe8777c2fd27f56fea,6551
- completed:
    hackage: terminal-0.2.0.0@sha256:de6770ecaae3197c66ac1f0db5a80cf5a5b1d3b64a66a05b50f442de5ad39570,2977
    pantry-tree:
      sha256: 54160663bf0cbcd1d9fa52e136740faaf91a82d1ca1efeb08e8e58575a7446e7
      size: 1775
  original:
    hackage: terminal-0.2.0.0@sha256:de6770ecaae3197c66ac1f0db5a80cf5a5b1d3b64a66a05b50f442de5ad39570,2977
- completed:
    hackage: brick-1.10@sha256:7124c530e06596745e533853b294195e5f618e69ac884e550a4a3c1a50efe01d,17775
    pantry-tree:
      sha256: fb9ba6ac17e4bf3400124f9b49adb394ff56e94baa0e6512b8f8f7939400e768
      size: 4671
  original:
    hackage: brick-1.10@sha256:7124c530e06596745e533853b294195e5f618e69ac884e550a4a3c1a50efe01d,17775
- completed:
    hackage: free-5.1.10@sha256:58496bb68e5704be250ddc823622d50b5a3b8bdf0dc4f6539ecfde25bc4ef6e2,5169
    pantry-tree:
      sha256: 3ef5e8156e04fbac351ceb97a8d7cdb76293ce5ca48466aa5b1640bd7c446e69
      size: 3308
  original:
    hackage: free-5.1.10@sha256:58496bb68e5704be250ddc823622d50b5a3b8bdf0dc4f6539ecfde25bc4ef6e2,5169
- completed:
    hackage: vty-5.38@sha256:c3b46c8072f92b61dad09dac45ede37f1a093836e14ac84ece6515a4d3222864,5628
    pantry-tree:
      sha256: b413c72281bb0f48eb0e4b45e272e3a18036ea91b4850315e8c2487ef719f9f3
      size: 3499
  original:
    hackage: vty-5.38@sha256:c3b46c8072f92b61dad09dac45ede37f1a093836e14ac84ece6515a4d3222864,5628
snapshots:
- completed:
    sha256: 6f0bea3ba5b07360f25bc886e8cff8d847767557a492a6f7f6dcb06e3cc79ee9
    size: 712905
    url: https://raw.githubusercontent.com/commercialhaskell/stackage-snapshots/master/lts/22/13.yaml
  original: lts-22.13
