# This file was autogenerated by Stack.
# You should not edit this file by hand.
# For more information, please see the documentation at:
#   https://docs.haskellstack.org/en/stable/lock_files

packages:
- completed:
    hackage: terminal-0.2.0.0@sha256:de6770ecaae3197c66ac1f0db5a80cf5a5b1d3b64a66a05b50f442de5ad39570,2977
    pantry-tree:
      sha256: 54160663bf0cbcd1d9fa52e136740faaf91a82d1ca1efeb08e8e58575a7446e7
      size: 1775
  original:
    hackage: terminal-0.2.0.0@sha256:de6770ecaae3197c66ac1f0db5a80cf5a5b1d3b64a66a05b50f442de5ad39570,2977
- completed:
    hackage: monad-bayes-1.1.0@sha256:8929887b2883e553b928dcc9b1326171c87b6aa26f11800dc8c55b119a9e9649,6123
    pantry-tree:
      sha256: bf7f9b1351226a957c7ebd0c42316505be713690cd9d44425bd9cfd494a94161
      size: 3568
  original:
    hackage: monad-bayes-1.1.0@sha256:8929887b2883e553b928dcc9b1326171c87b6aa26f11800dc8c55b119a9e9649,6123
- completed:
    hackage: monad-schedule-0.1.2.1@sha256:95d6b9c6fd36f585e4a52938ebd1762c2e2caa8bb3c11ce86985dd11a2caae1a,1776
    pantry-tree:
      sha256: 5c2fed7fb93cdf87abdd56b0df7e5c03719110d6aa538bc903ed6a6357f21393
      size: 792
  original:
    hackage: monad-schedule-0.1.2.1@sha256:95d6b9c6fd36f585e4a52938ebd1762c2e2caa8bb3c11ce86985dd11a2caae1a,1776
- completed:
    hackage: dunai-0.11.0@sha256:fc82a2ac6e2f7efcc2cd7f01412544ebe10d25143febdb0c3ebfb090220f4660,6372
    pantry-tree:
      sha256: 5435c0e0ccd848461ead40b59dd4c8dd7f36a010ed3f10c6795e0c52f8e614b4
      size: 2172
  original:
    hackage: dunai-0.11.0@sha256:fc82a2ac6e2f7efcc2cd7f01412544ebe10d25143febdb0c3ebfb090220f4660,6372
- completed:
    hackage: simple-affine-space-0.2.1@sha256:bc9b1f5ae236b2898cd6f20da2d4589fd662fac2e2057f29b01330f65c030434,2046
    pantry-tree:
      sha256: 13dd2303e75c96fe2ea318d2e724005840211f4af44ba78da1886a16a4b0ec82
      size: 696
  original:
    hackage: simple-affine-space-0.2.1@sha256:bc9b1f5ae236b2898cd6f20da2d4589fd662fac2e2057f29b01330f65c030434,2046
snapshots:
- completed:
    sha256: adbc602422dde10cc330175da7de8609e70afc41449a7e2d6e8b1827aa0e5008
    size: 649342
    url: https://raw.githubusercontent.com/commercialhaskell/stackage-snapshots/master/lts/20/11.yaml
  original: lts-20.11
