# This file was autogenerated by Stack.
# You should not edit this file by hand.
# For more information, please see the documentation at:
#   https://docs.haskellstack.org/en/stable/lock_files

packages:
- completed:
    hackage: terminal-0.2.0.0@sha256:de6770ecaae3197c66ac1f0db5a80cf5a5b1d3b64a66a05b50f442de5ad39570,2977
    pantry-tree:
      sha256: 54160663bf0cbcd1d9fa52e136740faaf91a82d1ca1efeb08e8e58575a7446e7
      size: 1775
  original:
    hackage: terminal-0.2.0.0@sha256:de6770ecaae3197c66ac1f0db5a80cf5a5b1d3b64a66a05b50f442de5ad39570,2977
- completed:
    hackage: brick-1.6@sha256:4a94b18be68d2d27da9e84eff7f8b4dc8bfa3a40d28d536fb737828d73a0e3eb,18899
    pantry-tree:
      sha256: 86c74fc39f7cd50e7084fe0bc9d56db22c9a5f06d083be44912733ab04bab844
      size: 6829
  original:
    hackage: brick-1.6@sha256:4a94b18be68d2d27da9e84eff7f8b4dc8bfa3a40d28d536fb737828d73a0e3eb,18899
- completed:
    hackage: bimap-0.5.0@sha256:aba506d02a1c93fc2b50dcbe728d2a4d07cca89b7033945418061a0b08576ebd,1889
    pantry-tree:
      sha256: 285f5e86640f4bef3b7a60991defb8dd4b3714f8c294495d1136da182c1315a3
      size: 470
  original:
    hackage: bimap-0.5.0@sha256:aba506d02a1c93fc2b50dcbe728d2a4d07cca89b7033945418061a0b08576ebd,1889
- completed:
    hackage: text-zipper-0.12@sha256:e96110598fc25e57a99ffcd8e583351af8b325b813aa5e3bd0adc627e3e02b6b,1472
    pantry-tree:
      sha256: 51edf26c8f66b1356c820b183e6442f8245ec2aef450fde4cd56db566347daa0
      size: 604
  original:
    hackage: text-zipper-0.12@sha256:e96110598fc25e57a99ffcd8e583351af8b325b813aa5e3bd0adc627e3e02b6b,1472
- completed:
    hackage: vty-5.38@sha256:c3b46c8072f92b61dad09dac45ede37f1a093836e14ac84ece6515a4d3222864,5628
    pantry-tree:
      sha256: b413c72281bb0f48eb0e4b45e272e3a18036ea91b4850315e8c2487ef719f9f3
      size: 3499
  original:
    hackage: vty-5.38@sha256:c3b46c8072f92b61dad09dac45ede37f1a093836e14ac84ece6515a4d3222864,5628
- completed:
    hackage: simple-affine-space-0.2.1@sha256:bc9b1f5ae236b2898cd6f20da2d4589fd662fac2e2057f29b01330f65c030434,2046
    pantry-tree:
      sha256: 13dd2303e75c96fe2ea318d2e724005840211f4af44ba78da1886a16a4b0ec82
      size: 696
  original:
    hackage: simple-affine-space-0.2.1@sha256:bc9b1f5ae236b2898cd6f20da2d4589fd662fac2e2057f29b01330f65c030434,2046
- completed:
    hackage: monad-schedule-0.1.2.1@sha256:95d6b9c6fd36f585e4a52938ebd1762c2e2caa8bb3c11ce86985dd11a2caae1a,1776
    pantry-tree:
      sha256: 5c2fed7fb93cdf87abdd56b0df7e5c03719110d6aa538bc903ed6a6357f21393
      size: 792
  original:
    hackage: monad-schedule-0.1.2.1@sha256:95d6b9c6fd36f585e4a52938ebd1762c2e2caa8bb3c11ce86985dd11a2caae1a,1776
- completed:
    hackage: time-domain-0.1.0.2@sha256:33f0a6efe6eb03e729f3dc828cd673b0bb511a0e50ac0b621c5acebd82f6d329,1007
    pantry-tree:
      sha256: 9d0363b9fb0440fad439480ea21a584e124a2d61265e5d61c622ef95da6fca6e
      size: 224
  original:
    hackage: time-domain-0.1.0.2@sha256:33f0a6efe6eb03e729f3dc828cd673b0bb511a0e50ac0b621c5acebd82f6d329,1007
- completed:
    hackage: criterion-1.6.3.0@sha256:62f9196ded68c39855a3a5dadb35dd43828ca091eeeb2ff38fdd259040d8e694,5616
    pantry-tree:
      sha256: 49fd0557bac66fa04f4cdb5b2c0f108b2c2057f69d9d56eaecdbcdb316b42385
      size: 2323
  original:
    hackage: criterion-1.6.3.0
- completed:
    hackage: criterion-measurement-0.2.1.0@sha256:646d5b5c55499580747746396b731ef9d6e2cd59fa7b488354788e68eae8e9bc,2098
    pantry-tree:
      sha256: 2557db6ed7b4e5718d9ca6271caf4bcfc97b966ed32b051f346c8d17e1c31809
      size: 726
  original:
    hackage: criterion-measurement-0.2.1.0@sha256:646d5b5c55499580747746396b731ef9d6e2cd59fa7b488354788e68eae8e9bc,2098
- completed:
    hackage: hspec-2.11.7@sha256:2869580a2a29e7beb6268ea3dc561583f4ae229ed1f47fb1c92e8c09ce35acec,1763
    pantry-tree:
      sha256: f241a7710ebee50583f9aebff61aaf4d36619ba7d6538b39b80ee4695c70552e
      size: 584
  original:
    hackage: hspec-2.11.7@sha256:2869580a2a29e7beb6268ea3dc561583f4ae229ed1f47fb1c92e8c09ce35acec,1763
- completed:
    hackage: lens-5.2.3@sha256:637287c76adff383063b3206a4213640de1a74839ec16008cc71b5b407f7d05e,15237
    pantry-tree:
      sha256: 2a69ee338ef79da9aaa0d406f8307b11e3b8f969aa8fc28e46ca250c1f6ef40d
      size: 8351
  original:
    hackage: lens-5.2.3@sha256:637287c76adff383063b3206a4213640de1a74839ec16008cc71b5b407f7d05e,15237
- completed:
    hackage: linear-1.22@sha256:6402f0140156d2792ca0cbef3f5af2ec3675660e381574ac968cd5884724b8ba,4132
    pantry-tree:
      sha256: 8ccd6646c1a5f2f7998a19a04f00200e44ee08186e980153ec371d6d114eb0e6
      size: 2042
  original:
    hackage: linear-1.22@sha256:6402f0140156d2792ca0cbef3f5af2ec3675660e381574ac968cd5884724b8ba,4132
- completed:
    hackage: optparse-applicative-0.18.1.0@sha256:b4cf8d9018e5e67cb1f14edb5130b6d05ad8bc1b5f6bd4efaa6ec0b7f28f559d,5132
    pantry-tree:
      sha256: 32f52adc150eb146bf4d167ff0cb21fc1e3cd7ecc1b9e5e83b986a1cd1bc58cd
      size: 3124
  original:
    hackage: optparse-applicative-0.18.1.0@sha256:b4cf8d9018e5e67cb1f14edb5130b6d05ad8bc1b5f6bd4efaa6ec0b7f28f559d,5132
- completed:
    hackage: pretty-simple-4.1.2.0@sha256:1c0a96e4205010d704c52883c53c98258c588ce7196763b408949d9db712ba14,4113
    pantry-tree:
      sha256: af1fc182e52bace1cb472830a7af4354bf5475056855f4df8137411de6306965
      size: 1229
  original:
    hackage: pretty-simple-4.1.2.0@sha256:1c0a96e4205010d704c52883c53c98258c588ce7196763b408949d9db712ba14,4113
- completed:
    hackage: hspec-core-2.11.7@sha256:90d8873356d7e15f843bc523360e206e8e356ff6b82a1fa4b3889dc31d073ea1,6814
    pantry-tree:
      sha256: 8db12c1f6965d9f0898f04d7b5f1d77682c8ab2d5c394c4a431229df7c4acb14
      size: 6231
  original:
    hackage: hspec-core-2.11.7@sha256:90d8873356d7e15f843bc523360e206e8e356ff6b82a1fa4b3889dc31d073ea1,6814
- completed:
    hackage: hspec-discover-2.11.7@sha256:6307eb16d308258a99a242025df50217d835ba0a3f205b1202a100a175877b38,2169
    pantry-tree:
      sha256: 141b4987d519ad1ca1114737f510f20adc2456bf44c040f41a63792f47d009eb
      size: 829
  original:
    hackage: hspec-discover-2.11.7@sha256:6307eb16d308258a99a242025df50217d835ba0a3f205b1202a100a175877b38,2169
- completed:
    hackage: hspec-expectations-0.8.4@sha256:4237f094a7931202ff57ac6475542b0b314b50a7024550e2b6eb87cfb0d4ff93,1702
    pantry-tree:
      sha256: 87681840d430b84686f83f1ab8b5873b09c349775698665233443914acf9ba2b
      size: 741
  original:
    hackage: hspec-expectations-0.8.4@sha256:4237f094a7931202ff57ac6475542b0b314b50a7024550e2b6eb87cfb0d4ff93,1702
- completed:
    hackage: dunai-0.12.2@sha256:e769c1b89b5571138c20c387c304758f87f2b9c599fcfe6fc5a81cd7c4ec86b7,6982
    pantry-tree:
      sha256: 79a567d02d6d018530dcfa5ac9f7d5e9fead24e9038ba63fa1ed902369f7df31
      size: 2232
  original:
    hackage: dunai-0.12.2
- completed:
    hackage: mmorph-1.2.0@sha256:df9b213ec18f811cb3137b478d148f3f1680ee43f841cb775835fa282fdb0295,1083
    pantry-tree:
      sha256: 3dff3f49e5604657a2874faa3a0a2f38990a02b48d6c2b6ae56c2f22b4184a04
      size: 346
  original:
    hackage: mmorph-1.2.0@sha256:df9b213ec18f811cb3137b478d148f3f1680ee43f841cb775835fa282fdb0295,1083
- completed:
    hackage: selective-0.7.0.1@sha256:542ab572491898552b42d62d43a7e8c70fb93d714c06c06a4de6f331fee87df2,3509
    pantry-tree:
      sha256: 0c83390d679a54549b03180465335118331f120511a11e82a1c8e2d9cbd5ed55
      size: 1292
  original:
    hackage: selective-0.7.0.1@sha256:542ab572491898552b42d62d43a7e8c70fb93d714c06c06a4de6f331fee87df2,3509
- completed:
    hackage: monad-bayes-1.3.0@sha256:024ce97d7d6abc9b4ffa22bfe1cfabb420feac67ecbd34fe8777c2fd27f56fea,6551
    pantry-tree:
      sha256: 1b1466cced4cd4734e44c266e3012a6e0d1c959c9d97aeac30de216e046f4787
      size: 4851
  original:
    hackage: monad-bayes-1.3.0@sha256:024ce97d7d6abc9b4ffa22bfe1cfabb420feac67ecbd34fe8777c2fd27f56fea,6551
snapshots:
- completed:
    sha256: f1c4aca9b9b81afbb9db55571acb0690cdc01ac97a178234de281f9dc075e95e
    size: 618506
    url: https://raw.githubusercontent.com/commercialhaskell/stackage-snapshots/master/lts/19/8.yaml
  original: lts-19.8
