# This file was autogenerated by Stack.
# You should not edit this file by hand.
# For more information, please see the documentation at:
#   https://docs.haskellstack.org/en/stable/lock_files

packages:
- completed:
    hackage: dunai-0.12.2@sha256:e769c1b89b5571138c20c387c304758f87f2b9c599fcfe6fc5a81cd7c4ec86b7,6982
    pantry-tree:
      sha256: 79a567d02d6d018530dcfa5ac9f7d5e9fead24e9038ba63fa1ed902369f7df31
      size: 2232
  original:
    hackage: dunai-0.12.2
- completed:
    hackage: monad-schedule-0.1.2.1@sha256:95d6b9c6fd36f585e4a52938ebd1762c2e2caa8bb3c11ce86985dd11a2caae1a,1776
    pantry-tree:
      sha256: 5c2fed7fb93cdf87abdd56b0df7e5c03719110d6aa538bc903ed6a6357f21393
      size: 792
  original:
    hackage: monad-schedule-0.1.2.1@sha256:95d6b9c6fd36f585e4a52938ebd1762c2e2caa8bb3c11ce86985dd11a2caae1a,1776
- completed:
    hackage: terminal-0.2.0.0@sha256:de6770ecaae3197c66ac1f0db5a80cf5a5b1d3b64a66a05b50f442de5ad39570,2977
    pantry-tree:
      sha256: 54160663bf0cbcd1d9fa52e136740faaf91a82d1ca1efeb08e8e58575a7446e7
      size: 1775
  original:
    hackage: terminal-0.2.0.0@sha256:de6770ecaae3197c66ac1f0db5a80cf5a5b1d3b64a66a05b50f442de5ad39570,2977
- completed:
    hackage: hspec-2.11.7@sha256:2869580a2a29e7beb6268ea3dc561583f4ae229ed1f47fb1c92e8c09ce35acec,1763
    pantry-tree:
      sha256: f241a7710ebee50583f9aebff61aaf4d36619ba7d6538b39b80ee4695c70552e
      size: 584
  original:
    hackage: hspec-2.11.7@sha256:2869580a2a29e7beb6268ea3dc561583f4ae229ed1f47fb1c92e8c09ce35acec,1763
- completed:
    hackage: hspec-core-2.11.7@sha256:90d8873356d7e15f843bc523360e206e8e356ff6b82a1fa4b3889dc31d073ea1,6814
    pantry-tree:
      sha256: 8db12c1f6965d9f0898f04d7b5f1d77682c8ab2d5c394c4a431229df7c4acb14
      size: 6231
  original:
    hackage: hspec-core-2.11.7@sha256:90d8873356d7e15f843bc523360e206e8e356ff6b82a1fa4b3889dc31d073ea1,6814
- completed:
    hackage: hspec-discover-2.11.7@sha256:6307eb16d308258a99a242025df50217d835ba0a3f205b1202a100a175877b38,2169
    pantry-tree:
      sha256: 141b4987d519ad1ca1114737f510f20adc2456bf44c040f41a63792f47d009eb
      size: 829
  original:
    hackage: hspec-discover-2.11.7@sha256:6307eb16d308258a99a242025df50217d835ba0a3f205b1202a100a175877b38,2169
- completed:
    hackage: hspec-expectations-0.8.4@sha256:4237f094a7931202ff57ac6475542b0b314b50a7024550e2b6eb87cfb0d4ff93,1702
    pantry-tree:
      sha256: 87681840d430b84686f83f1ab8b5873b09c349775698665233443914acf9ba2b
      size: 741
  original:
    hackage: hspec-expectations-0.8.4@sha256:4237f094a7931202ff57ac6475542b0b314b50a7024550e2b6eb87cfb0d4ff93,1702
- completed:
    hackage: vector-0.12.3.1@sha256:39141f312871b7c793a63be76635999e84d442aa3290aec59f30638ec0bf23a7,8218
    pantry-tree:
      sha256: c4f50de0598ce416df3a8f01ad7f23d8f1282ef3c5c531d67afe15b1e14a5d8d
      size: 3842
  original:
    hackage: vector-0.12.3.1@sha256:39141f312871b7c793a63be76635999e84d442aa3290aec59f30638ec0bf23a7,8218
- completed:
    hackage: selective-0.7.0.1@sha256:542ab572491898552b42d62d43a7e8c70fb93d714c06c06a4de6f331fee87df2,3509
    pantry-tree:
      sha256: 0c83390d679a54549b03180465335118331f120511a11e82a1c8e2d9cbd5ed55
      size: 1292
  original:
    hackage: selective-0.7.0.1@sha256:542ab572491898552b42d62d43a7e8c70fb93d714c06c06a4de6f331fee87df2,3509
- completed:
    hackage: monad-bayes-1.3.0@sha256:024ce97d7d6abc9b4ffa22bfe1cfabb420feac67ecbd34fe8777c2fd27f56fea,6551
    pantry-tree:
      sha256: 1b1466cced4cd4734e44c266e3012a6e0d1c959c9d97aeac30de216e046f4787
      size: 4851
  original:
    hackage: monad-bayes-1.3.0@sha256:024ce97d7d6abc9b4ffa22bfe1cfabb420feac67ecbd34fe8777c2fd27f56fea,6551
snapshots:
- completed:
    sha256: 7d4b649cf368f9076d8aa049aa44efe58950971d105892734e9957b2a26a2186
    size: 640060
    url: https://raw.githubusercontent.com/commercialhaskell/stackage-snapshots/master/lts/21/21.yaml
  original: lts-21.21
