# This file was autogenerated by Stack.
# You should not edit this file by hand.
# For more information, please see the documentation at:
#   https://docs.haskellstack.org/en/stable/lock_files

packages:
- completed:
    hackage: gloss-1.13.2.2@sha256:cdb17d6c2f7cc32dc0893e60d6c047f12adeb1a7279064e0def9fdfd97477bee,4075
    pantry-tree:
      sha256: d6353a809bbbd8711d53e738ef4e1e503b19280057a5ccd8c9a3b5c164a4718f
      size: 3807
  original:
    hackage: gloss-1.13.2.2@sha256:cdb17d6c2f7cc32dc0893e60d6c047f12adeb1a7279064e0def9fdfd97477bee,4075
- completed:
    hackage: monad-bayes-1.1.0@sha256:8929887b2883e553b928dcc9b1326171c87b6aa26f11800dc8c55b119a9e9649,6123
    pantry-tree:
      sha256: bf7f9b1351226a957c7ebd0c42316505be713690cd9d44425bd9cfd494a94161
      size: 3568
  original:
    hackage: monad-bayes-1.1.0@sha256:8929887b2883e553b928dcc9b1326171c87b6aa26f11800dc8c55b119a9e9649,6123
- completed:
    hackage: monad-schedule-0.1.2.0@sha256:640b0dc483c2c0fef3fbbe91ddd2685aa13621fc1457497659d6c4c4d2d1ee74,1803
    pantry-tree:
      sha256: 76796faefab4dde5922e28a665051c18b849c0f3fe8caaf4ffc47039b6f79bb0
      size: 792
  original:
    hackage: monad-schedule-0.1.2.0@sha256:640b0dc483c2c0fef3fbbe91ddd2685aa13621fc1457497659d6c4c4d2d1ee74,1803
- completed:
    hackage: terminal-0.2.0.0@sha256:de6770ecaae3197c66ac1f0db5a80cf5a5b1d3b64a66a05b50f442de5ad39570,2977
    pantry-tree:
      sha256: 54160663bf0cbcd1d9fa52e136740faaf91a82d1ca1efeb08e8e58575a7446e7
      size: 1775
  original:
    hackage: terminal-0.2.0.0@sha256:de6770ecaae3197c66ac1f0db5a80cf5a5b1d3b64a66a05b50f442de5ad39570,2977
- completed:
    hackage: vector-sized-1.5.0@sha256:6b827805784b52ee9845ab5c930f627e6e27b6dea2354f6fc46295e63ccdb2ed,1758
    pantry-tree:
      sha256: c4010995ed0fbe9094142af691198f5b28a98b1ae0f7938b0d8a6e3fcf9769f1
      size: 1302
  original:
    hackage: vector-sized-1.5.0@sha256:6b827805784b52ee9845ab5c930f627e6e27b6dea2354f6fc46295e63ccdb2ed,1758
snapshots:
- completed:
    sha256: c69874537ef3f981cafca2e53d4607925991921ddab3219dae7cd7aa76d2ad42
    size: 528649
    url: https://raw.githubusercontent.com/commercialhaskell/stackage-snapshots/master/nightly/2023/12/31.yaml
  original: nightly-2023-12-31
