# This file was autogenerated by Stack.
# You should not edit this file by hand.
# For more information, please see the documentation at:
#   https://docs.haskellstack.org/en/stable/lock_files

packages:
- completed:
    hackage: time-domain-0.1.0.0@sha256:48146872e85f46399e8b8d7ff7c3d3b7f530e2de167b6893ba3ce649ba2e2e75,800
    pantry-tree:
      size: 223
      sha256: afa0bf300d4ebf038bdea9d3990c0075743c9d20ffc9cb43db862a93342f7ba4
  original:
    hackage: time-domain-0.1.0.0@sha256:48146872e85f46399e8b8d7ff7c3d3b7f530e2de167b6893ba3ce649ba2e2e75,800
snapshots:
- completed:
    size: 586110
    url: https://raw.githubusercontent.com/commercialhaskell/stackage-snapshots/master/lts/18/21.yaml
    sha256: ce4fb8d44f3c6c6032060a02e0ebb1bd29937c9a70101c1517b92a87d9515160
  original: lts-18.21
