name: update-flake-lock
on:
  schedule:
    - cron: '0 15 * * 2' # runs weekly on Tuesday at 15:00

jobs:
  lockfile:
    runs-on: ubuntu-latest
    steps:
      - name: Checkout repository
        uses: actions/checkout@v6
      - name: Install Nix
        uses: cachix/install-nix-action@v31
      - name: Update flake.lock
        uses: DeterminateSystems/update-flake-lock@v28
        with:
          token: ${{ secrets.GH_TOKEN_FOR_UPDATES }}
